id: kick-token-does-not-respect-listing-lock
title: |
  Kick Token Does Not Respect Listing Lock
severity: High
language: rust
platform: solana
source: ottersec-solodit-p3
source_id: "H-48212"
bug_class: miscellaneous
indicators:
  - 'text-pattern: kick token does not respect listing lock'
victim: tbd
exploit_precondition: tbd
real_world_example: |
  Severity: High
suggested_remediation: |
  See source report H-48212 (ottersec-solodit-p3).
cross_refs: []
