id: lack-of-configurable-delay-setting-in-timelock
title: |
  Lack of Configurable Delay Setting in Timelock
severity: Medium
language: rust
platform: solana
source: ottersec-solodit-p1
source_id: "M-46738"
bug_class: miscellaneous
indicators:
  - "references 'MS_24_HOURS'"
victim: tbd
exploit_precondition: tbd
real_world_example: |
  Severity: Medium
suggested_remediation: |
  See source report M-46738 (ottersec-solodit-p1).
cross_refs: []
