skeleton: "name_match_missing_call"
name: "collateral-setters-for-morpho-aave-can-end-up-in-a-deadlock"
class_name: "CollateralSettersForMorphoAaveCanEndUpInADeadlock"
wave: "15"
severity: "MEDIUM"
confidence: "MEDIUM"
source: "Solodit #16225 (Spearbit/Morpho)"
help: "Collateral setters for Morpho / Aave can end up in a deadlock"
wiki_title: "Collateral setters for Morpho / Aave can end up in a deadlock"
wiki_description: |
    ## Medium Risk Report
    
    **Severity:** Medium Risk  
    **Context:** MorphoSetters.sol#L87-L107  
    
    ## Description  
    One can end up in a deadlock where changing the Aave pool or Morpho collateral state is not possible anymore because it can happen that Aave automatically turns the collateral asset off (fo
wiki_exploit_scenario: |
    Per Solodit #16225: ## Medium Risk Report
    
    **Severity:** Medium Risk  
    **Context:** MorphoSetters.sol#L87-L107  
    
    ## Description  
    One can end up in a deadlock where changing the Aave pool or Morpho collateral state is n
wiki_recommendation: "See source audit report for recommended fix."
contract_name: "CollateralSettersForMorphoAaveCanEndUpInADeadlock"
solodit_id: "16225"
solodit_slug: "collateral-setters-for-morpho-aave-can-end-up-in-a-deadlock-spearbit-morpho-pdf"
solodit_quality: "0"
solodit_rarity: "0"
solodit_tags: ""
state_decl: "uint256 internal balance;"
fn_name_regex: ".*(setAssetIsCollateralOnPool|setAssetIsCollateral|isCollateral|getUserConfiguration).*"
read_var_regex: ".*(balance|amount|total|supply|reserve).*"
required_call_regex: ".*(accrue|update|sync|validate|check|refresh).*"
guarded_helper_name: "_accrue"
vuln_fn_name: "setAssetIsCollateralOnPool"
vuln_fn_params: ""
vuln_fn_mutability: "internal"
vuln_fn_mutability_clean: "internal"
vuln_fn_return: "bool"
vuln_fn_body: "return balance > 0;"
