skeleton: "name_match_missing_call"
name: "depositing-to-secondary-tokens-does-cause-the-contract-to-lock"
class_name: "DepositingToSecondaryTokensDoesCauseTheContractToLock"
wave: "15"
severity: "HIGH"
confidence: "MEDIUM"
source: "Solodit #50744 (Halborn/SCProtection)"
help: "DEPOSITING TO SECONDARY TOKENS DOES CAUSE THE CONTRACT TO LOCK"
wiki_title: "DEPOSITING TO SECONDARY TOKENS DOES CAUSE THE CONTRACT TO LOCK"
wiki_description: |
    ##### Description
    
    The code under `_deposit` is assuming that `user.amount` will contain an array for all newly added tokens to the pool, which is not the case if the user performs a deposit for the first time on a token whose index is `!=0`.
    
    Code Location
    -------------
    
    #### src/reward/WeightedFar
wiki_exploit_scenario: |
    Per Solodit #50744: ##### Description
    
    The code under `_deposit` is assuming that `user.amount` will contain an array for all newly added tokens to the pool, which is not the case if the user performs a deposit for the f
wiki_recommendation: "See source audit report for recommended fix."
contract_name: "DepositingToSecondaryTokensDoesCauseTheContractToLock"
solodit_id: "50744"
solodit_slug: "depositing-to-secondary-tokens-does-cause-the-contract-to-lock-halborn-degis-scprotection-markdown"
solodit_quality: "0"
solodit_rarity: "0"
solodit_tags: ""
state_decl: "uint256 internal index;"
fn_name_regex: ".*(index).*"
read_var_regex: ".*(index).*"
required_call_regex: ".*(accrue|update|sync|validate|check|refresh).*"
guarded_helper_name: "_accrue"
vuln_fn_name: "index"
vuln_fn_params: ""
vuln_fn_mutability: "internal"
vuln_fn_mutability_clean: "internal"
vuln_fn_return: "bool"
vuln_fn_body: "return index > 0;"
