skeleton: "name_match_missing_call"
name: "emergency-withdrawal-function-restricted-by-timelock"
class_name: "EmergencyWithdrawalFunctionRestrictedByTimelock"
wave: "15"
severity: "MEDIUM"
confidence: "MEDIUM"
source: "Solodit #52351 (Halborn/Bellum Core)"
help: "Emergency Withdrawal Function Restricted by Timelock"
wiki_title: "Emergency Withdrawal Function Restricted by Timelock"
wiki_description: |
    ##### Description
    
    The `BellumNursery.emergencyWithdrawal` function incorrectly includes the `waitForWithdrawal` modifier, which enforces a 6-epoch waiting period before withdrawals. This fundamentally contradicts the purpose of an emergency withdrawal mechanism:
    
      
    
    **Current Implementation Issues
wiki_exploit_scenario: |
    Per Solodit #52351: ##### Description
    
    The `BellumNursery.emergencyWithdrawal` function incorrectly includes the `waitForWithdrawal` modifier, which enforces a 6-epoch waiting period before withdrawals. This fundamentall
wiki_recommendation: "See source audit report for recommended fix."
contract_name: "EmergencyWithdrawalFunctionRestrictedByTimelock"
solodit_id: "52351"
solodit_slug: "emergency-withdrawal-function-restricted-by-timelock-halborn-bellum-exchange-bellum-core-markdown"
solodit_quality: "0"
solodit_rarity: "0"
solodit_tags: ""
state_decl: "uint256 internal waitforwithdrawal;"
fn_name_regex: ".*(waitForWithdrawal).*"
read_var_regex: ".*(waitForWithdrawal).*"
required_call_regex: ".*(accrue|update|sync|validate|check|refresh).*"
guarded_helper_name: "_accrue"
vuln_fn_name: "waitForWithdrawal"
vuln_fn_params: ""
vuln_fn_mutability: "internal"
vuln_fn_mutability_clean: "internal"
vuln_fn_return: "bool"
vuln_fn_body: "return waitforwithdrawal > 0;"
