skeleton: "name_match_missing_call"
name: "h-06-getborrowrate-returns-rate-per-year-instead-of-per-block"
class_name: "H06GetborrowrateReturnsRatePerYearInsteadOfPerBlock"
wave: "15"
severity: "HIGH"
confidence: "MEDIUM"
source: "Solodit #25321 (Code4rena/Canto)"
help: "[H-06] `getBorrowRate` returns rate per year instead of per block"
wiki_title: "[H-06] `getBorrowRate` returns rate per year instead of per block"
wiki_description: |
    _Submitted by Lambda, also found by Chom_
    
    <https://github.com/Plex-Engineer/lending-market-v2/blob/2646a7676b721db8a7754bf5503dcd712eab2f8a/contracts/NoteInterest.sol#L118><br>
    <https://github.com/Plex-Engineer/lending-market-v2/blob/2646a7676b721db8a7754bf5503dcd712eab2f8a/contracts/CToken.sol#L20
wiki_exploit_scenario: |
    Per Solodit #25321: _Submitted by Lambda, also found by Chom_
    
    <https://github.com/Plex-Engineer/lending-market-v2/blob/2646a7676b721db8a7754bf5503dcd712eab2f8a/contracts/NoteInterest.sol#L118><br>
    <https://github.com/Pl
wiki_recommendation: "See source audit report for recommended fix."
contract_name: "H06GetborrowrateReturnsRatePerYearInsteadOfPerBlock"
solodit_id: "25321"
solodit_slug: "h-06-getborrowrate-returns-rate-per-year-instead-of-per-block-code4rena-canto-canto-git"
solodit_quality: "0"
solodit_rarity: "0"
solodit_tags: ""
state_decl: "uint256 internal baserateperblock;"
fn_name_regex: ".*(InterestRateModel|getBorrowRate|borrowRatePerBlock|CToken).*"
read_var_regex: ".*(baseRatePerBlock|borrowRatePerBlock|getBorrowRate).*"
required_call_regex: ".*(accrue|update|sync|validate|check|refresh).*"
guarded_helper_name: "_accrue"
vuln_fn_name: "InterestRateModel"
vuln_fn_params: ""
vuln_fn_mutability: "internal"
vuln_fn_mutability_clean: "internal"
vuln_fn_return: "bool"
vuln_fn_body: "return baserateperblock > 0;"
