skeleton: "name_match_missing_call"
name: "h-2-winning-agent-id-may-be-uninitialized-when-game-is-over-lock"
class_name: "H2WinningAgentIdMayBeUninitializedWhenGameIsOverLock"
wave: "15"
severity: "HIGH"
confidence: "MEDIUM"
source: "Solodit #27587 (Sherlock/LooksRare)"
help: "H-2: Winning agent id may be uninitialized when game is over, locking grand prize"
wiki_title: "H-2: Winning agent id may be uninitialized when game is over, locking grand prize"
wiki_description: |
    Source: https://github.com/sherlock-audit/2023-10-looksrare-judging/issues/31 
    
    ## Found by 
    cergyk, detectiveking
    In the `Infiltration` contract, the `agents` mapping holds all of the agents structs, and encodes the ranking of the agents (used to determine prizes at the end of the game).
    
    This mapp
wiki_exploit_scenario: |
    Per Solodit #27587: Source: https://github.com/sherlock-audit/2023-10-looksrare-judging/issues/31 
    
    ## Found by 
    cergyk, detectiveking
    In the `Infiltration` contract, the `agents` mapping holds all of the agents structs,
wiki_recommendation: "See source audit report for recommended fix."
contract_name: "H2WinningAgentIdMayBeUninitializedWhenGameIsOverLock"
solodit_id: "27587"
solodit_slug: |
    h-2-winning-agent-id-may-be-uninitialized-when-game-is-over-locking-grand-prize-sherlock-looksrare-git
solodit_quality: "0"
solodit_rarity: "0"
solodit_tags: ""
state_decl: "uint256 internal agentid;"
fn_name_regex: ".*(Infiltration|agents|agentId|claimGrandPrize).*"
read_var_regex: ".*(agentId|agents|claimGrandPrize).*"
required_call_regex: ".*(accrue|update|sync|validate|check|refresh).*"
guarded_helper_name: "_accrue"
vuln_fn_name: "Infiltration"
vuln_fn_params: ""
vuln_fn_mutability: "internal"
vuln_fn_mutability_clean: "internal"
vuln_fn_return: "bool"
vuln_fn_body: "return agentid > 0;"
