skeleton: "name_match_missing_call"
name: "incorrect-token-transfer-source-in-the-stake-function-of-nonlock"
class_name: "IncorrectTokenTransferSourceInTheStakeFunctionOfNonlock"
wave: "15"
severity: "HIGH"
confidence: "MEDIUM"
source: "Solodit #37482 (Zokyo/Blastoff)"
help: "Incorrect token transfer source in the stake function of `NonLockStakingPools` contract"
wiki_title: "Incorrect token transfer source in the stake function of `NonLockStakingPools` contract"
wiki_description: |
    **Severity**: High
    
    **Status**:  Resolved
    
    **Description**
    
    The stake function in the `NonLockStakingPools` contract is designed to allow users to stake tokens into a specific pool, identified by `poolId`. Due to an incorrect source address used in the token transfer operation within the `_depositTo
wiki_exploit_scenario: |
    Per Solodit #37482: **Severity**: High
    
    **Status**:  Resolved
    
    **Description**
    
    The stake function in the `NonLockStakingPools` contract is designed to allow users to stake tokens into a specific pool, identified by `poo
wiki_recommendation: "See source audit report for recommended fix."
contract_name: "IncorrectTokenTransferSourceInTheStakeFunctionOfNonlock"
solodit_id: "37482"
solodit_slug: |
    incorrect-token-transfer-source-in-the-stake-function-of-nonlockstakingpools-contract-zokyo-none-blastoff-markdown
solodit_quality: "0"
solodit_rarity: "0"
solodit_tags: ""
state_decl: "uint256 internal poolid;"
fn_name_regex: ".*(NonLockStakingPools|poolId).*"
read_var_regex: ".*(poolId).*"
required_call_regex: ".*(accrue|update|sync|validate|check|refresh).*"
guarded_helper_name: "_accrue"
vuln_fn_name: "NonLockStakingPools"
vuln_fn_params: ""
vuln_fn_mutability: "internal"
vuln_fn_mutability_clean: "internal"
vuln_fn_return: "bool"
vuln_fn_body: "return poolid > 0;"
