skeleton: "name_match_missing_call"
name: "loss-of-private-keys-leads-to-rewards-and-fees-allocation-lock"
class_name: "LossOfPrivateKeysLeadsToRewardsAndFeesAllocationLock"
wave: "15"
severity: "MEDIUM"
confidence: "MEDIUM"
source: "Solodit #60242 (Quantstamp/Subscription Token - Fabric)"
help: "Loss of Private Keys Leads to Rewards and Fees Allocation Lock"
wiki_title: "Loss of Private Keys Leads to Rewards and Fees Allocation Lock"
wiki_description: |
    **Update**
    Fees and rewards are being allocated at purchase time via `_allocateFeesAndRewards()`.
    
    ![Image 37: Alert icon](https://certificate.quantstamp.com/full/subscription-token-fabric/3d319dfc-3e44-4b0a-9016-52d9af89c920/static/media/success-icon-alert.4e26c8d3b65fdf9f4f0789a4086052ba.svg)
    
    **U
wiki_exploit_scenario: |
    Per Solodit #60242: **Update**
    Fees and rewards are being allocated at purchase time via `_allocateFeesAndRewards()`.
    
    ![Image 37: Alert icon](https://certificate.quantstamp.com/full/subscription-token-fabric/3d319dfc-3e
wiki_recommendation: "See source audit report for recommended fix."
contract_name: "LossOfPrivateKeysLeadsToRewardsAndFeesAllocationLock"
solodit_id: "60242"
solodit_slug: |
    loss-of-private-keys-leads-to-rewards-and-fees-allocation-lock-quantstamp-subscription-token-fabric-markdown
solodit_quality: "0"
solodit_rarity: "0"
solodit_tags: ""
state_decl: "uint256 internal withdrawto;"
fn_name_regex: ".*(withdrawTo).*"
read_var_regex: ".*(withdrawTo).*"
required_call_regex: ".*(accrue|update|sync|validate|check|refresh).*"
guarded_helper_name: "_accrue"
vuln_fn_name: "withdrawTo"
vuln_fn_params: ""
vuln_fn_mutability: "internal"
vuln_fn_mutability_clean: "internal"
vuln_fn_return: "bool"
vuln_fn_body: "return withdrawto > 0;"
