skeleton: "name_match_missing_require"
name: "m-08-protocol-withdrawals-of-collateral-can-be-unexpectedly-lock"
class_name: "M08ProtocolWithdrawalsOfCollateralCanBeUnexpectedlyLock"
wave: "15"
severity: "MEDIUM"
confidence: "MEDIUM"
source: "Solodit #5737 (Code4rena/Inverse Finance)"
help: |
    [M-08] Protocol withdrawals of collateral can be unexpectedly locked if governance sets the collateralFactorBps to 0
wiki_title: |
    [M-08] Protocol withdrawals of collateral can be unexpectedly locked if governance sets the collateralFactorBps to 0
wiki_description: |
    ## Lines of code
    
    https://github.com/code-423n4/2022-10-inverse/blob/3e81f0f5908ea99b36e6ab72f13488bbfe622183/src/Market.sol#L359
    https://github.com/code-423n4/2022-10-inverse/blob/3e81f0f5908ea99b36e6ab72f13488bbfe622183/src/Market.sol#L376
    
    
    ## Vulnerability details
    
    #### Description
    
    The FiRM `Ma
wiki_exploit_scenario: |
    Per Solodit #5737: ## Lines of code
    
    https://github.com/code-423n4/2022-10-inverse/blob/3e81f0f5908ea99b36e6ab72f13488bbfe622183/src/Market.sol#L359
    https://github.com/code-423n4/2022-10-inverse/blob/3e81f0f5908ea99b36e
wiki_recommendation: "See source audit report for recommended fix."
contract_name: "M08ProtocolWithdrawalsOfCollateralCanBeUnexpectedlyLock"
solodit_id: "5737"
solodit_slug: |
    m-08-protocol-withdrawals-of-collateral-can-be-unexpectedly-locked-if-governance-sets-the-collateralfactorbps-to-0-code4rena-inverse-finance-inverse-finance-contest-git
solodit_quality: "4"
solodit_rarity: "4"
solodit_tags: "Validation, Admin"
state_decl: "uint256 internal collateralfactorbps;"
fn_name_regex: ".*(Marketplace|collateralFactorBps).*"
write_var_regex: ".*(collateralFactorBps).*"
guard_var_regex: ".*(collateralFactorBps).*"
vuln_fn_name: "Marketplace"
vuln_fn_params: "uint256 newVal"
vuln_fn_body_no_require: "collateralfactorbps = newVal;"
guard_require_line: "require(newVal <= 10000, \"cap\");"
