skeleton: "name_match_missing_call"
name: "m-18-fillask-allows-for-msg-value-to-be-larger-than-require-lock"
class_name: "M18FillaskAllowsForMsgValueToBeLargerThanRequireLock"
wave: "15"
severity: "MEDIUM"
confidence: "MEDIUM"
source: "Solodit #8755 (Code4rena/Golom)"
help: |
    [M-18] `fillAsk()` Allows for `msg.value` to be larger than require locking the excess in the contract
wiki_title: |
    [M-18] `fillAsk()` Allows for `msg.value` to be larger than require locking the excess in the contract
wiki_description: |
    [GolomTrader.sol#L217](https://github.com/code-423n4/2022-07-golom/blob/e5efa8f9d6dda92a90b8b2c4902320acf0c26816/contracts/core/GolomTrader.sol#L217)<br>
    
    It is possible to send a higher `msg.value` than is required to `fillAsk()`. The excess value that is sent will be permanently locked in the con
wiki_exploit_scenario: |
    Per Solodit #8755: [GolomTrader.sol#L217](https://github.com/code-423n4/2022-07-golom/blob/e5efa8f9d6dda92a90b8b2c4902320acf0c26816/contracts/core/GolomTrader.sol#L217)<br>
    
    It is possible to send a higher `msg.value`
wiki_recommendation: "See source audit report for recommended fix."
contract_name: "M18FillaskAllowsForMsgValueToBeLargerThanRequireLock"
solodit_id: "8755"
solodit_slug: |
    m-18-fillask-allows-for-msgvalue-to-be-larger-than-require-locking-the-excess-in-the-contract-code4rena-golom-golom-contest-git
solodit_quality: "5"
solodit_rarity: "4"
solodit_tags: ""
state_decl: "uint256 internal fillask;"
fn_name_regex: ".*(fillAsk).*"
read_var_regex: ".*(fillAsk).*"
required_call_regex: ".*(accrue|update|sync|validate|check|refresh).*"
guarded_helper_name: "_accrue"
vuln_fn_name: "fillAsk"
vuln_fn_params: ""
vuln_fn_mutability: "internal"
vuln_fn_mutability_clean: "internal"
vuln_fn_return: "bool"
vuln_fn_body: "return fillask > 0;"
