skeleton: "name_match_missing_call"
name: "m-20-cryptokitty-and-cryptofighter-nft-can-be-paused-which-block"
class_name: "M20CryptokittyAndCryptofighterNftCanBePausedWhichBlock"
wave: "15"
severity: "MEDIUM"
confidence: "MEDIUM"
source: "Solodit #6317 (Sherlock/Ajna)"
help: |
    M-20: CryptoKitty and CryptoFighter NFT can be paused, which block borrowing / repaying / liquidating action in the ERC721Pool when borrowers still forced to pay the compounding in
wiki_title: |
    M-20: CryptoKitty and CryptoFighter NFT can be paused, which block borrowing / repaying / liquidating action in the ERC721Pool when borrowers still forced to pa
wiki_description: |
    Source: https://github.com/sherlock-audit/2023-01-ajna-judging/issues/34 
    
    ## Found by 
    ctf\_sec
    
    ## Summary
    
    CryptoKitty and CryptoFighter NFT can be paused, which block borrowing / repaying / liquidating action in the ERC721Pool
    
    ## Vulnerability Detail
    
    In the current implementation in the factor
wiki_exploit_scenario: |
    Per Solodit #6317: Source: https://github.com/sherlock-audit/2023-01-ajna-judging/issues/34 
    
    ## Found by 
    ctf\_sec
    
    ## Summary
    
    CryptoKitty and CryptoFighter NFT can be paused, which block borrowing / repaying / liquid
wiki_recommendation: "See source audit report for recommended fix."
contract_name: "M20CryptokittyAndCryptofighterNftCanBePausedWhichBlock"
solodit_id: "6317"
solodit_slug: |
    m-20-cryptokitty-and-cryptofighter-nft-can-be-paused-which-block-borrowing-repaying-liquidating-action-in-the-erc721pool-when-borrowers-still-forced-to-pay-the-compounding-interest-sherlock-ajna-ajna-git
solodit_quality: "5"
solodit_rarity: "4"
solodit_tags: ""
state_decl: "uint256 internal balance;"
fn_name_regex: ".*(nftType|supportsInterface|supportsERC721Interface|tokenId).*"
read_var_regex: ".*(balance|amount|total|supply|reserve).*"
required_call_regex: ".*(accrue|update|sync|validate|check|refresh).*"
guarded_helper_name: "_accrue"
vuln_fn_name: "nftType"
vuln_fn_params: ""
vuln_fn_mutability: "internal"
vuln_fn_mutability_clean: "internal"
vuln_fn_return: "bool"
vuln_fn_body: "return balance > 0;"
