skeleton: "name_match_missing_call"
name: "permitting-multiple-drip-calls-per-block"
class_name: "PermittingMultipleDripCallsPerBlock"
wave: "15"
severity: "MEDIUM"
confidence: "MEDIUM"
source: "Solodit #6888 (Spearbit/Optimism Drippie)"
help: "Permitting Multiple Drip Calls Per Block"
wiki_title: "Permitting Multiple Drip Calls Per Block"
wiki_description: |
    ## Risk Assessment
    
    **Severity:** Medium Risk  
    **Context:** Drippie.sol#L266  
    
    ## Description
    The inline comments correctly note that reentrancy is possible and permitted when `state.config.interval` is 0. We are currently unaware of use cases where this is desirable. Reentrancy is one risk, and f
wiki_exploit_scenario: |
    Per Solodit #6888: ## Risk Assessment
    
    **Severity:** Medium Risk  
    **Context:** Drippie.sol#L266  
    
    ## Description
    The inline comments correctly note that reentrancy is possible and permitted when `state.config.interval
wiki_recommendation: "See source audit report for recommended fix."
contract_name: "PermittingMultipleDripCallsPerBlock"
solodit_id: "6888"
solodit_slug: "permitting-multiple-drip-calls-per-block-spearbit-optimism-drippie-pdf"
solodit_quality: "5"
solodit_rarity: "5"
solodit_tags: "Optimism"
state_decl: "uint256 internal balance;"
fn_name_regex: ".*(allowMultiplePerBlock|onlyOwner).*"
read_var_regex: ".*(balance|amount|total|supply|reserve).*"
required_call_regex: ".*(accrue|update|sync|validate|check|refresh).*"
guarded_helper_name: "_accrue"
vuln_fn_name: "allowMultiplePerBlock"
vuln_fn_params: ""
vuln_fn_mutability: "internal"
vuln_fn_mutability_clean: "internal"
vuln_fn_return: "bool"
vuln_fn_body: "return balance > 0;"
