skeleton: "name_match_missing_call"
name: "releasesolverlock-doesn-t-undo-all-the-actions-of-trysolverlock"
class_name: "ReleasesolverlockDoesnTUndoAllTheActionsOfTrysolverlock"
wave: "15"
severity: "HIGH"
confidence: "MEDIUM"
source: "Solodit #36785 (Spearbit/Fastlane Atlas)"
help: "_releaseSolverLock() doesn't undo all the actions of _trySolverLock()"
wiki_title: "_releaseSolverLock() doesn't undo all the actions of _trySolverLock()"
wiki_description: |
    ## Severity: High Risk
    
    **Context:**  
    GasAccounting.sol#L208-L246, GasAccounting.sol#L129-L134
    
    **Description:**  
    The function `_releaseSolverLock()` doesn't undo all the actions of `_trySolverLock()`.  
    Function `_releaseSolverLock()` keeps `_solverLock` set to the (latest) solver, which m
wiki_exploit_scenario: |
    Per Solodit #36785: ## Severity: High Risk
    
    **Context:**  
    GasAccounting.sol#L208-L246, GasAccounting.sol#L129-L134
    
    **Description:**  
    The function `_releaseSolverLock()` doesn't undo all the actions of `_trySolve
wiki_recommendation: "See source audit report for recommended fix."
contract_name: "ReleasesolverlockDoesnTUndoAllTheActionsOfTrysolverlock"
solodit_id: "36785"
solodit_slug: "releasesolverlock-doesnt-undo-all-the-actions-of-_trysolverlock-spearbit-none-fastlane-atlas-pdf"
solodit_quality: "0"
solodit_rarity: "0"
solodit_tags: ""
state_decl: "uint256 internal reconcile;"
fn_name_regex: ".*(AllocateValue|PostOps|reconcile|solverMetaTryCatch).*"
read_var_regex: ".*(reconcile|solverMetaTryCatch).*"
required_call_regex: ".*(accrue|update|sync|validate|check|refresh).*"
guarded_helper_name: "_accrue"
vuln_fn_name: "AllocateValue"
vuln_fn_params: ""
vuln_fn_mutability: "internal"
vuln_fn_mutability_clean: "internal"
vuln_fn_return: "bool"
vuln_fn_body: "return reconcile > 0;"
