skeleton: "paired_function_divergence"
name: "risk-of-hash-collisions-in-fraxlendpairdeployer-that-could-block"
class_name: "RiskOfHashCollisionsInFraxlendpairdeployerThatCouldBlock"
wave: "15"
severity: "MEDIUM"
confidence: "MEDIUM"
source: "Solodit #17913 (TrailOfBits/Frax Finance)"
help: "Risk of hash collisions in FraxLendPairDeployer that could block certain deployments"
wiki_title: "Risk of hash collisions in FraxLendPairDeployer that could block certain deployments"
wiki_description: |
    ## Description
    
    A hash collision could occur in the `FraxLendPairDeployer` contract, allowing unauthenticated users to block the deployment of certain contracts from authenticated users. The `FraxLendPairDeployer` contract allows any user to deploy certain contracts using the deploy function, which
wiki_exploit_scenario: |
    Per Solodit #17913: ## Description
    
    A hash collision could occur in the `FraxLendPairDeployer` contract, allowing unauthenticated users to block the deployment of certain contracts from authenticated users. The `FraxLend
wiki_recommendation: "See source audit report for recommended fix."
contract_name: "RiskOfHashCollisionsInFraxlendpairdeployerThatCouldBlock"
solodit_id: "17913"
solodit_slug: |
    risk-of-hash-collisions-in-fraxlendpairdeployer-that-could-block-certain-deployments-trailofbits-frax-finance-pdf
solodit_quality: "0"
solodit_rarity: "0"
solodit_tags: ""
state_decl: |
    mapping(address => uint256) internal balances;
        uint256 internal counter;
forward_verb: "add"
inverse_verb: "remove"
tracking_var_regex: ".*(balance|amount|total|supply|reserve).*"
forward_fn_name: "addThing"
inverse_fn_name: "removeThing"
fn_params: "address account"
forward_body: "balances[account] += 1; counter++;"
inverse_body_no_tracker: "balances[account] -= 1; /* counter missing */"
inverse_body_with_tracker: "balances[account] -= 1; counter--;"
