skeleton: "name_match_missing_call"
name: "the-lack-of-support-of-fee-on-transfer-tokens-in-defaulttimelock"
class_name: "TheLackOfSupportOfFeeOnTransferTokensInDefaulttimelock"
wave: "15"
severity: "MEDIUM"
confidence: "MEDIUM"
source: "Solodit #34266 (MixBytes/dForce)"
help: "The lack of support of fee on transfer tokens in `DefaultTimeLock`"
wiki_title: "The lack of support of fee on transfer tokens in `DefaultTimeLock`"
wiki_description: |
    ##### Description
    The agreement creation precedes the token transfer. If a fee on transfer tokens is used, then the amount of tokens transferred may be reduced (due to transfer fees) and become less than the amount specified in the agreement for claiming.
    
    This issue is labeled as `medium` since the
wiki_exploit_scenario: |
    Per Solodit #34266: ##### Description
    The agreement creation precedes the token transfer. If a fee on transfer tokens is used, then the amount of tokens transferred may be reduced (due to transfer fees) and become less t
wiki_recommendation: "See source audit report for recommended fix."
contract_name: "TheLackOfSupportOfFeeOnTransferTokensInDefaulttimelock"
solodit_id: "34266"
solodit_slug: "the-lack-of-support-of-fee-on-transfer-tokens-in-defaulttimelock-mixbytes-none-dforce-markdown"
solodit_quality: "0"
solodit_rarity: "0"
solodit_tags: ""
state_decl: "uint256 internal balance;"
fn_name_regex: ".*(medium|claim|balance|TimeLock).*"
read_var_regex: ".*(balance|claim|createAgreement).*"
required_call_regex: ".*(accrue|update|sync|validate|check|refresh).*"
guarded_helper_name: "_accrue"
vuln_fn_name: "medium"
vuln_fn_params: ""
vuln_fn_mutability: "internal"
vuln_fn_mutability_clean: "internal"
vuln_fn_return: "bool"
vuln_fn_body: "return balance > 0;"
