id: dust-leftover-check-unconditionally-panics-allowing-attackers-to-block
title: |
  Dust leftover check unconditionally panics, allowing attackers to block liquidations
severity: Low
language: rust
platform: soroban
source: v12-med-low
source_id: "44399"
bug_class: ttl-archival
indicators:
  - "references 'internal_liquidation_call'"
  - "references 'debt_to_cover'"
  - "references 'min_remaining_whole'"
  - "references 'debt_to_cover'"
  - "references 'debt_balance'"
  - "references 'safe_i128_to_u128(env, debt_balance)'"
  - "references 'remaining'"
  - "references 'debt_to_cover'"
victim: tbd
exploit_precondition: tbd
real_world_example: |
  - Severity: Low - Validity: Unreviewed
suggested_remediation: |
  See source report 44399 (v12-med-low).
cross_refs: []
